// !$*UTF8*$!
{
	archiveVersion = 1;
	classes = {
	};
	objectVersion = 46;
	objects = {

/* Begin PBXBuildFile section */
		714B1C4C1F3593510003EFB8 /* main.cpp in Sources */ = {isa = PBXBuildFile; fileRef = 714B1C4B1F3593510003EFB8 /* main.cpp */; };
		714B1C541F35948E0003EFB8 /* operator_overload.cpp in Sources */ = {isa = PBXBuildFile; fileRef = 714B1C531F35948E0003EFB8 /* operator_overload.cpp */; };
/* End PBXBuildFile section */

/* Begin PBXCopyFilesBuildPhase section */
		714B1C461F3593500003EFB8 /* CopyFiles */ = {
			isa = PBXCopyFilesBuildPhase;
			buildActionMask = 2147483647;
			dstPath = /usr/share/man/man1/;
			dstSubfolderSpec = 0;
			files = (
			);
			runOnlyForDeploymentPostprocessing = 1;
		};
/* End PBXCopyFilesBuildPhase section */

/* Begin PBXFileReference section */
		714B1C481F3593510003EFB8 /* class_improve_friend_function */ = {isa = PBXFileReference; explicitFileType = "compiled.mach-o.executable"; includeInIndex = 0; path = class_improve_friend_function; sourceTree = BUILT_PRODUCTS_DIR; };
		714B1C4B1F3593510003EFB8 /* main.cpp */ = {isa = PBXFileReference; lastKnownFileType = sourcecode.cpp.cpp; path = main.cpp; sourceTree = "<group>"; };
		714B1C521F3593660003EFB8 /* time.h */ = {isa = PBXFileReference; lastKnownFileType = sourcecode.c.h; path = time.h; sourceTree = "<group>"; };
		714B1C531F35948E0003EFB8 /* operator_overload.cpp */ = {isa = PBXFileReference; fileEncoding = 4; lastKnownFileType = sourcecode.cpp.cpp; path = operator_overload.cpp; sourceTree = "<group>"; };
/* End PBXFileReference section */

/* Begin PBXFrameworksBuildPhase section */
		714B1C451F3593500003EFB8 /* Frameworks */ = {
			isa = PBXFrameworksBuildPhase;
			buildActionMask = 2147483647;
			files = (
			);
			runOnlyForDeploymentPostprocessing = 0;
		};
/* End PBXFrameworksBuildPhase section */

/* Begin PBXGroup section */
		714B1C3F1F3593500003EFB8 = {
			isa = PBXGroup;
			children = (
				714B1C4A1F3593510003EFB8 /* class_improve_friend_function */,
				714B1C491F3593510003EFB8 /* Products */,
			);
			sourceTree = "<group>";
		};
		714B1C491F3593510003EFB8 /* Products */ = {
			isa = PBXGroup;
			children = (
				714B1C481F3593510003EFB8 /* class_improve_friend_function */,
			);
			name = Products;
			sourceTree = "<group>";
		};
		714B1C4A1F3593510003EFB8 /* class_improve_friend_function */ = {
			isa = PBXGroup;
			children = (
				714B1C4B1F3593510003EFB8 /* main.cpp */,
				714B1C531F35948E0003EFB8 /* operator_overload.cpp */,
				714B1C521F3593660003EFB8 /* time.h */,
			);
			path = class_improve_friend_function;
			sourceTree = "<group>";
		};
/* End PBXGroup section */

/* Begin PBXNativeTarget section */
		714B1C471F3593500003EFB8 /* class_improve_friend_function */ = {
			isa = PBXNativeTarget;
			buildConfigurationList = 714B1C4F1F3593510003EFB8 /* Build configuration list for PBXNativeTarget "class_improve_friend_function" */;
			buildPhases = (
				714B1C441F3593500003EFB8 /* Sources */,
				714B1C451F3593500003EFB8 /* Frameworks */,
				714B1C461F3593500003EFB8 /* CopyFiles */,
			);
			buildRules = (
			);
			dependencies = (
			);
			name = class_improve_friend_function;
			productName = class_improve_friend_function;
			productReference = 714B1C481F3593510003EFB8 /* class_improve_friend_function */;
			productType = "com.apple.product-type.tool";
		};
/* End PBXNativeTarget section */

/* Begin PBXProject section */
		714B1C401F3593500003EFB8 /* Project object */ = {
			isa = PBXProject;
			attributes = {
				LastUpgradeCheck = 0820;
				ORGANIZATIONNAME = matthew;
				TargetAttributes = {
					714B1C471F3593500003EFB8 = {
						CreatedOnToolsVersion = 8.2.1;
						ProvisioningStyle = Automatic;
					};
				};
			};
			buildConfigurationList = 714B1C431F3593500003EFB8 /* Build configuration list for PBXProject "class_improve_friend_function" */;
			compatibilityVersion = "Xcode 3.2";
			developmentRegion = English;
			hasScannedForEncodings = 0;
			knownRegions = (
				en,
			);
			mainGroup = 714B1C3F1F3593500003EFB8;
			productRefGroup = 714B1C491F3593510003EFB8 /* Products */;
			projectDirPath = "";
			projectRoot = "";
			targets = (
				714B1C471F3593500003EFB8 /* class_improve_friend_function */,
			);
		};
/* End PBXProject section */

/* Begin PBXSourcesBuildPhase section */
		714B1C441F3593500003EFB8 /* Sources */ = {
			isa = PBXSourcesBuildPhase;
			buildActionMask = 2147483647;
			files = (
				714B1C4C1F3593510003EFB8 /* main.cpp in Sources */,
				714B1C541F35948E0003EFB8 /* operator_overload.cpp in Sources */,
			);
			runOnlyForDeploymentPostprocessing = 0;
		};
/* End PBXSourcesBuildPhase section */

/* Begin XCBuildConfiguration section */
		714B1C4D1F3593510003EFB8 /* Debug */ = {
			isa = XCBuildConfiguration;
			buildSettings = {
				ALWAYS_SEARCH_USER_PATHS = NO;
				CLANG_ANALYZER_NONNULL = YES;
				CLANG_CXX_LANGUAGE_STANDARD = "gnu++0x";
				CLANG_CXX_LIBRARY = "libc++";
				CLANG_ENABLE_MODULES = YES;
				CLANG_ENABLE_OBJC_ARC = YES;
				CLANG_WARN_BOOL_CONVERSION = YES;
				CLANG_WARN_CONSTANT_CONVERSION = YES;
				CLANG_WARN_DIRECT_OBJC_ISA_USAGE = YES_ERROR;
				CLANG_WARN_DOCUMENTATION_COMMENTS = YES;
				CLANG_WARN_EMPTY_BODY = YES;
				CLANG_WARN_ENUM_CONVERSION = YES;
				CLANG_WARN_INFINITE_RECURSION = YES;
				CLANG_WARN_INT_CONVERSION = YES;
				CLANG_WARN_OBJC_ROOT_CLASS = YES_ERROR;
				CLANG_WARN_SUSPICIOUS_MOVE = YES;
				CLANG_WARN_UNREACHABLE_CODE = YES;
				CLANG_WARN__DUPLICATE_METHOD_MATCH = YES;
				CODE_SIGN_IDENTITY = "-";
				COPY_PHASE_STRIP = NO;
				DEBUG_INFORMATION_FORMAT = dwarf;
				ENABLE_STRICT_OBJC_MSGSEND = YES;
				ENABLE_TESTABILITY = YES;
				GCC_C_LANGUAGE_STANDARD = gnu99;
				GCC_DYNAMIC_NO_PIC = NO;
				GCC_NO_COMMON_BLOCKS = YES;
				GCC_OPTIMIZATION_LEVEL = 0;
				GCC_PREPROCESSOR_DEFINITIONS = (
					"DEBUG=1",
					"$(inherited)",
				);
				GCC_WARN_64_TO_32_BIT_CONVERSION = YES;
				GCC_WARN_ABOUT_RETURN_TYPE = YES_ERROR;
				GCC_WARN_UNDECLARED_SELECTOR = YES;
				GCC_WARN_UNINITIALIZED_AUTOS = YES_AGGRESSIVE;
				GCC_WARN_UNUSED_FUNCTION = YES;
				GCC_WARN_UNUSED_VARIABLE = YES;
				MACOSX_DEPLOYMENT_TARGET = 10.12;
				MTL_ENABLE_DEBUG_INFO = YES;
				ONLY_ACTIVE_ARCH = YES;
				SDKROOT = macosx;
			};
			name = Debug;
		};
		714B1C4E1F3593510003EFB8 /* Release */ = {
			isa = XCBuildConfiguration;
			buildSettings = {
				ALWAYS_SEARCH_USER_PATHS = NO;
				CLANG_ANALYZER_NONNULL = YES;
				CLANG_CXX_LANGUAGE_STANDARD = "gnu++0x";
				CLANG_CXX_LIBRARY = "libc++";
				CLANG_ENABLE_MODULES = YES;
				CLANG_ENABLE_OBJC_ARC = YES;
				CLANG_WARN_BOOL_CONVERSION = YES;
				CLANG_WARN_CONSTANT_CONVERSION = YES;
				CLANG_WARN_DIRECT_OBJC_ISA_USAGE = YES_ERROR;
				CLANG_WARN_DOCUMENTATION_COMMENTS = YES;
				CLANG_WARN_EMPTY_BODY = YES;
				CLANG_WARN_ENUM_CONVERSION = YES;
				CLANG_WARN_INFINITE_RECURSION = YES;
				CLANG_WARN_INT_CONVERSION = YES;
				CLANG_WARN_OBJC_ROOT_CLASS = YES_ERROR;
				CLANG_WARN_SUSPICIOUS_MOVE = YES;
				CLANG_WARN_UNREACHABLE_CODE = YES;
				CLANG_WARN__DUPLICATE_METHOD_MATCH = YES;
				CODE_SIGN_IDENTITY = "-";
				COPY_PHASE_STRIP = NO;
				DEBUG_INFORMATION_FORMAT = "dwarf-with-dsym";
				ENABLE_NS_ASSERTIONS = NO;
				ENABLE_STRICT_OBJC_MSGSEND = YES;
				GCC_C_LANGUAGE_STANDARD = gnu99;
				GCC_NO_COMMON_BLOCKS = YES;
				GCC_WARN_64_TO_32_BIT_CONVERSION = YES;
				GCC_WARN_ABOUT_RETURN_TYPE = YES_ERROR;
				GCC_WARN_UNDECLARED_SELECTOR = YES;
				GCC_WARN_UNINITIALIZED_AUTOS = YES_AGGRESSIVE;
				GCC_WARN_UNUSED_FUNCTION = YES;
				GCC_WARN_UNUSED_VARIABLE = YES;
				MACOSX_DEPLOYMENT_TARGET = 10.12;
				MTL_ENABLE_DEBUG_INFO = NO;
				SDKROOT = macosx;
			};
			name = Release;
		};
		714B1C501F3593510003EFB8 /* Debug */ = {
			isa = XCBuildConfiguration;
			buildSettings = {
				PRODUCT_NAME = "$(TARGET_NAME)";
			};
			name = Debug;
		};
		714B1C511F3593510003EFB8 /* Release */ = {
			isa = XCBuildConfiguration;
			buildSettings = {
				PRODUCT_NAME = "$(TARGET_NAME)";
			};
			name = Release;
		};
/* End XCBuildConfiguration section */

/* Begin XCConfigurationList section */
		714B1C431F3593500003EFB8 /* Build configuration list for PBXProject "class_improve_friend_function" */ = {
			isa = XCConfigurationList;
			buildConfigurations = (
				714B1C4D1F3593510003EFB8 /* Debug */,
				714B1C4E1F3593510003EFB8 /* Release */,
			);
			defaultConfigurationIsVisible = 0;
			defaultConfigurationName = Release;
		};
		714B1C4F1F3593510003EFB8 /* Build configuration list for PBXNativeTarget "class_improve_friend_function" */ = {
			isa = XCConfigurationList;
			buildConfigurations = (
				714B1C501F3593510003EFB8 /* Debug */,
				714B1C511F3593510003EFB8 /* Release */,
			);
			defaultConfigurationIsVisible = 0;
		};
/* End XCConfigurationList section */
	};
	rootObject = 714B1C401F3593500003EFB8 /* Project object */;
}
